github.com/d5/tengo v1.18.2 h1:5/juWCVBggWlM0xAaxn26FQZSw30HzkWbOaFPb8tkk4=
github.com/d5/tengo v1.18.2/go.mod h1:gsbjo7lBXzBIWBd6NQp1lRKqqiDDANqBOyhW8rTlFsY=
github.com/d5/tengo v1.19.0 h1:MDjy5diG8pwH3Z5qSTOFIAtB1BtZYypenWc66y/0BZM=
github.com/d5/tengo v1.19.0/go.mod h1:gsbjo7lBXzBIWBd6NQp1lRKqqiDDANqBOyhW8rTlFsY=
github.com/d5/tengo v1.19.1-0.20190331045944-25733baf1e4a h1:ZHYjVGpe7nq8PStfTNQEhK6F7katvZ61l5B/9oy08Bw=
github.com/d5/tengo v1.19.1-0.20190331045944-25733baf1e4a/go.mod h1:gsbjo7lBXzBIWBd6NQp1lRKqqiDDANqBOyhW8rTlFsY=
github.com/d5/tengo v1.19.1-0.20190331061730-7139f46a4939 h1:Kb6hsumn8CSVD6lK/7c1PCANX14EkM8Ix/2eO56wmAs=
github.com/d5/tengo v1.19.1-0.20190331061730-7139f46a4939/go.mod h1:gsbjo7lBXzBIWBd6NQp1lRKqqiDDANqBOyhW8rTlFsY=
github.com/d5/tengo v1.19.1 h1:+WAClF7Q/99lHyeznTy/fz7LoAddN+HzUMb76o+dzhM=
github.com/d5/tengo v1.19.1/go.mod h1:gsbjo7lBXzBIWBd6NQp1lRKqqiDDANqBOyhW8rTlFsY=
github.com/davecgh/go-spew v1.1.0/go.mod h1:J7Y8YcW2NihsgmVo/mv3lAwl/skON4iLHjSsI+c5H38=
github.com/davecgh/go-spew v1.1.1 h1:vj9j/u1bqnvCEfJOwUhtlOARqs3+rkHYY13jYWTU97c=
github.com/davecgh/go-spew v1.1.1/go.mod h1:J7Y8YcW2NihsgmVo/mv3lAwl/skON4iLHjSsI+c5H38=
github.com/pmezard/go-difflib v1.0.0 h1:4DBwDE0NGyQoBHbLQYPwSUPoCMWR5BEzIk/f1lZbAQM=
github.com/pmezard/go-difflib v1.0.0/go.mod h1:iKH77koFhYxTK1pcRnkKkqfTogsbg7gZNVY4sRDYZ/4=
github.com/stretchr/objx v0.1.0/go.mod h1:HFkY916IF+rwdDfMAkV7OtwuqBVzrE8GR6GFx+wExME=
github.com/stretchr/testify v1.3.0 h1:TivCn/peBQ7UY8ooIcPgZFpTNSz0Q2U6UrFlUfqbe0Q=
github.com/stretchr/testify v1.3.0/go.mod h1:M5WIy9Dh21IEIfnGCwXGc5bZfKNJtfHm1UVUgZn+9EI=
