# This file is autogenerated, do not edit; changes may be undone by the next 'dep ensure'.


[[projects]]
  digest = "1:a6f31937f45585eed4f7158af3cbd05505c106f96b4f2a12b1c8c13bfb4cd27c"
  name = "github.com/d5/tengo"
  packages = ["."]
  pruneopts = "UT"
  revision = "09f3d52265a9e4cf193bc9514cc426846dc3ad1b"
  version = "v1.18.2"

[solve-meta]
  analyzer-name = "dep"
  analyzer-version = 1
  input-imports = ["github.com/d5/tengo"]
  solver-name = "gps-cdcl"
  solver-version = 1
